
Microsoft Visual Studio Solution File, Format Version 12.00
# Visual Studio Version 16
VisualStudioVersion = 16.0.31410.357
MinimumVisualStudioVersion = 10.0.40219.1
Project("{9A19103F-16F7-4668-BE54-9A1E7A4F7556}") = "AspNetCoreApplication", "AspNetCoreApplication\AspNetCoreApplication.csproj", "{C9D9ABA0-E8FB-4D97-B37C-BD4C161D214A}"
EndProject
Global
	GlobalSection(SolutionConfigurationPlatforms) = preSolution
		Debug|Any CPU = Debug|Any CPU
		Release|Any CPU = Release|Any CPU
	EndGlobalSection
	GlobalSection(ProjectConfigurationPlatforms) = postSolution
		{C9D9ABA0-E8FB-4D97-B37C-BD4C161D214A}.Debug|Any CPU.ActiveCfg = Debug|Any CPU
		{C9D9ABA0-E8FB-4D97-B37C-BD4C161D214A}.Debug|Any CPU.Build.0 = Debug|Any CPU
		{C9D9ABA0-E8FB-4D97-B37C-BD4C161D214A}.Release|Any CPU.ActiveCfg = Release|Any CPU
		{C9D9ABA0-E8FB-4D97-B37C-BD4C161D214A}.Release|Any CPU.Build.0 = Release|Any CPU
	EndGlobalSection
	GlobalSection(SolutionProperties) = preSolution
		HideSolutionNode = FALSE
	EndGlobalSection
	GlobalSection(ExtensibilityGlobals) = postSolution
		SolutionGuid = {716111A8-9B67-4B04-994C-7F24E9DF59ED}
	EndGlobalSection
EndGlobal
